
Microsoft Visual Studio Solution File, Format Version 12.00
Project("{FAE04EC0-301F-11D3-BF4B-00C04F79EFBC}") = "WarehouseManager", "WarehouseManager\WarehouseManager.csproj", "{0AEC9E0D-4581-48A5-9159-7E725B2E06C8}"
EndProject
Project("{FAE04EC0-301F-11D3-BF4B-00C04F79EFBC}") = "WarehouseManager.Shared", "WarehouseManager.Shared\WarehouseManager.Shared.csproj", "{5BF21921-2901-4BEC-BE40-8F2C8CD80462}"
EndProject
Project("{FAE04EC0-301F-11D3-BF4B-00C04F79EFBC}") = "WarehouseManager.Client", "WarehouseManager.Client\WarehouseManager.Client.csproj", "{99C0AB79-4BD7-486E-914D-B19DD86C00C3}"
EndProject
Global
	GlobalSection(SolutionConfigurationPlatforms) = preSolution
		Debug|Any CPU = Debug|Any CPU
		Release|Any CPU = Release|Any CPU
	EndGlobalSection
	GlobalSection(ProjectConfigurationPlatforms) = postSolution
		{0AEC9E0D-4581-48A5-9159-7E725B2E06C8}.Debug|Any CPU.ActiveCfg = Debug|Any CPU
		{0AEC9E0D-4581-48A5-9159-7E725B2E06C8}.Debug|Any CPU.Build.0 = Debug|Any CPU
		{0AEC9E0D-4581-48A5-9159-7E725B2E06C8}.Release|Any CPU.ActiveCfg = Release|Any CPU
		{0AEC9E0D-4581-48A5-9159-7E725B2E06C8}.Release|Any CPU.Build.0 = Release|Any CPU
		{5BF21921-2901-4BEC-BE40-8F2C8CD80462}.Debug|Any CPU.ActiveCfg = Debug|Any CPU
		{5BF21921-2901-4BEC-BE40-8F2C8CD80462}.Debug|Any CPU.Build.0 = Debug|Any CPU
		{5BF21921-2901-4BEC-BE40-8F2C8CD80462}.Release|Any CPU.ActiveCfg = Release|Any CPU
		{5BF21921-2901-4BEC-BE40-8F2C8CD80462}.Release|Any CPU.Build.0 = Release|Any CPU
		{99C0AB79-4BD7-486E-914D-B19DD86C00C3}.Debug|Any CPU.ActiveCfg = Debug|Any CPU
		{99C0AB79-4BD7-486E-914D-B19DD86C00C3}.Debug|Any CPU.Build.0 = Debug|Any CPU
		{99C0AB79-4BD7-486E-914D-B19DD86C00C3}.Release|Any CPU.ActiveCfg = Release|Any CPU
		{99C0AB79-4BD7-486E-914D-B19DD86C00C3}.Release|Any CPU.Build.0 = Release|Any CPU
	EndGlobalSection
	GlobalSection(SolutionProperties) = preSolution
		HideSolutionNode = FALSE
	EndGlobalSection
EndGlobal
